
Microsoft Visual Studio Solution File, Format Version 12.00
# Visual Studio Version 16
VisualStudioVersion = 16.0.31424.327
MinimumVisualStudioVersion = 10.0.40219.1
Project("{FAE04EC0-301F-11D3-BF4B-00C04F79EFBC}") = "ElasticsearchDemo", "ElasticsearchDemo\ElasticsearchDemo.csproj", "{C2BE918D-6E6A-4EB9-B4FC-F302EA3A913F}"
EndProject
Project("{FAE04EC0-301F-11D3-BF4B-00C04F79EFBC}") = "Elasticsearch.Contracts", "Elasticsearch.Contracts\Elasticsearch.Contracts.csproj", "{2F5E772E-C7BC-4D47-8F76-4F4C420B15A5}"
EndProject
Project("{FAE04EC0-301F-11D3-BF4B-00C04F79EFBC}") = "Elasticsearch.Service", "Elasticsearch.Service\Elasticsearch.Service.csproj", "{F6DE8FE7-0A34-492D-818C-64FD79F0D0AA}"
EndProject
Global
	GlobalSection(SolutionConfigurationPlatforms) = preSolution
		Debug|Any CPU = Debug|Any CPU
		Release|Any CPU = Release|Any CPU
	EndGlobalSection
	GlobalSection(ProjectConfigurationPlatforms) = postSolution
		{C2BE918D-6E6A-4EB9-B4FC-F302EA3A913F}.Debug|Any CPU.ActiveCfg = Debug|Any CPU
		{C2BE918D-6E6A-4EB9-B4FC-F302EA3A913F}.Debug|Any CPU.Build.0 = Debug|Any CPU
		{C2BE918D-6E6A-4EB9-B4FC-F302EA3A913F}.Release|Any CPU.ActiveCfg = Release|Any CPU
		{C2BE918D-6E6A-4EB9-B4FC-F302EA3A913F}.Release|Any CPU.Build.0 = Release|Any CPU
		{2F5E772E-C7BC-4D47-8F76-4F4C420B15A5}.Debug|Any CPU.ActiveCfg = Debug|Any CPU
		{2F5E772E-C7BC-4D47-8F76-4F4C420B15A5}.Debug|Any CPU.Build.0 = Debug|Any CPU
		{2F5E772E-C7BC-4D47-8F76-4F4C420B15A5}.Release|Any CPU.ActiveCfg = Release|Any CPU
		{2F5E772E-C7BC-4D47-8F76-4F4C420B15A5}.Release|Any CPU.Build.0 = Release|Any CPU
		{F6DE8FE7-0A34-492D-818C-64FD79F0D0AA}.Debug|Any CPU.ActiveCfg = Debug|Any CPU
		{F6DE8FE7-0A34-492D-818C-64FD79F0D0AA}.Debug|Any CPU.Build.0 = Debug|Any CPU
		{F6DE8FE7-0A34-492D-818C-64FD79F0D0AA}.Release|Any CPU.ActiveCfg = Release|Any CPU
		{F6DE8FE7-0A34-492D-818C-64FD79F0D0AA}.Release|Any CPU.Build.0 = Release|Any CPU
	EndGlobalSection
	GlobalSection(SolutionProperties) = preSolution
		HideSolutionNode = FALSE
	EndGlobalSection
	GlobalSection(ExtensibilityGlobals) = postSolution
		SolutionGuid = {791FE595-EFC1-46FF-954F-2EA854AD518D}
	EndGlobalSection
EndGlobal
